{
  "name": "background-generator",
  "version": "1.0.0",
  "lockfileVersion": 2,
  "requires": true,
  "packages": {
    "": {
      "name": "background-generator",
      "version": "1.0.0",
      "license": "ISC",
      "dependencies": {
        "lowdash": "^1.2.0",
        "source-map-url": "^0.4.1"
      }
    },
    "node_modules/lowdash": {
      "version": "1.2.0",
      "resolved": "https://registry.npmjs.org/lowdash/-/lowdash-1.2.0.tgz",
      "integrity": "sha512-oHdShh4q1SmsUkLBa9ITyi4x3ObxUxFeGNu7GCGta8b9jq0IAmZ/Zeapd/Ex7/OuA8tN96izhRdQlUcMe40Ing=="
    },
    "node_modules/source-map-url": {
      "version": "0.4.1",
      "resolved": "https://registry.npmjs.org/source-map-url/-/source-map-url-0.4.1.tgz",
      "integrity": "sha512-cPiFOTLUKvJFIg4SKVScy4ilPPW6rFgMgfuZJPNoDuMs3nC1HbMUycBoJw77xFIp6z1UJQJOfx6C9GMH80DiTw==",
      "deprecated": "See https://github.com/lydell/source-map-url#deprecated"
    }
  },
  "dependencies": {
    "lowdash": {
      "version": "1.2.0",
      "resolved": "https://registry.npmjs.org/lowdash/-/lowdash-1.2.0.tgz",
      "integrity": "sha512-oHdShh4q1SmsUkLBa9ITyi4x3ObxUxFeGNu7GCGta8b9jq0IAmZ/Zeapd/Ex7/OuA8tN96izhRdQlUcMe40Ing=="
    },
    "source-map-url": {
      "version": "0.4.1",
      "resolved": "https://registry.npmjs.org/source-map-url/-/source-map-url-0.4.1.tgz",
      "integrity": "sha512-cPiFOTLUKvJFIg4SKVScy4ilPPW6rFgMgfuZJPNoDuMs3nC1HbMUycBoJw77xFIp6z1UJQJOfx6C9GMH80DiTw=="
    }
  }
}
